// !$*UTF8*$!
{
	archiveVersion = 1;
	classes = {
	};
	objectVersion = 50;
	objects = {

/* Begin PBXBuildFile section */
		2327D1F72466AD7200E670C1 /* AppDelegate.swift in Sources */ = {isa = PBXBuildFile; fileRef = 2327D1F62466AD7200E670C1 /* AppDelegate.swift */; };
		2327D1FB2466AD7200E670C1 /* ViewController.swift in Sources */ = {isa = PBXBuildFile; fileRef = 2327D1FA2466AD7200E670C1 /* ViewController.swift */; };
		2327D1FE2466AD7200E670C1 /* Main.storyboard in Resources */ = {isa = PBXBuildFile; fileRef = 2327D1FC2466AD7200E670C1 /* Main.storyboard */; };
		2327D2002466AD7300E670C1 /* Assets.xcassets in Resources */ = {isa = PBXBuildFile; fileRef = 2327D1FF2466AD7300E670C1 /* Assets.xcassets */; };
		2327D2032466AD7300E670C1 /* LaunchScreen.storyboard in Resources */ = {isa = PBXBuildFile; fileRef = 2327D2012466AD7300E670C1 /* LaunchScreen.storyboard */; };
		2327D2142466AF6C00E670C1 /* VCViewModel.swift in Sources */ = {isa = PBXBuildFile; fileRef = 2327D2132466AF6C00E670C1 /* VCViewModel.swift */; };
		2327D2162466AF7A00E670C1 /* VCModel.swift in Sources */ = {isa = PBXBuildFile; fileRef = 2327D2152466AF7A00E670C1 /* VCModel.swift */; };
/* End PBXBuildFile section */

/* Begin PBXFileReference section */
		2327D1F32466AD7200E670C1 /* Base_iOS_MVVM_Anhdk.app */ = {isa = PBXFileReference; explicitFileType = wrapper.application; includeInIndex = 0; path = Base_iOS_MVVM_Anhdk.app; sourceTree = BUILT_PRODUCTS_DIR; };
		2327D1F62466AD7200E670C1 /* AppDelegate.swift */ = {isa = PBXFileReference; lastKnownFileType = sourcecode.swift; path = AppDelegate.swift; sourceTree = "<group>"; };
		2327D1FA2466AD7200E670C1 /* ViewController.swift */ = {isa = PBXFileReference; lastKnownFileType = sourcecode.swift; path = ViewController.swift; sourceTree = "<group>"; };
		2327D1FD2466AD7200E670C1 /* Base */ = {isa = PBXFileReference; lastKnownFileType = file.storyboard; name = Base; path = Base.lproj/Main.storyboard; sourceTree = "<group>"; };
		2327D1FF2466AD7300E670C1 /* Assets.xcassets */ = {isa = PBXFileReference; lastKnownFileType = folder.assetcatalog; path = Assets.xcassets; sourceTree = "<group>"; };
		2327D2022466AD7300E670C1 /* Base */ = {isa = PBXFileReference; lastKnownFileType = file.storyboard; name = Base; path = Base.lproj/LaunchScreen.storyboard; sourceTree = "<group>"; };
		2327D2042466AD7300E670C1 /* Info.plist */ = {isa = PBXFileReference; lastKnownFileType = text.plist.xml; path = Info.plist; sourceTree = "<group>"; };
		2327D2132466AF6C00E670C1 /* VCViewModel.swift */ = {isa = PBXFileReference; lastKnownFileType = sourcecode.swift; path = VCViewModel.swift; sourceTree = "<group>"; };
		2327D2152466AF7A00E670C1 /* VCModel.swift */ = {isa = PBXFileReference; lastKnownFileType = sourcecode.swift; path = VCModel.swift; sourceTree = "<group>"; };
/* End PBXFileReference section */

/* Begin PBXFrameworksBuildPhase section */
		2327D1F02466AD7200E670C1 /* Frameworks */ = {
			isa = PBXFrameworksBuildPhase;
			buildActionMask = 2147483647;
			files = (
			);
			runOnlyForDeploymentPostprocessing = 0;
		};
/* End PBXFrameworksBuildPhase section */

/* Begin PBXGroup section */
		2327D1EA2466AD7200E670C1 = {
			isa = PBXGroup;
			children = (
				2327D1F52466AD7200E670C1 /* Base_iOS_MVVM_Anhdk */,
				2327D1F42466AD7200E670C1 /* Products */,
			);
			sourceTree = "<group>";
		};
		2327D1F42466AD7200E670C1 /* Products */ = {
			isa = PBXGroup;
			children = (
				2327D1F32466AD7200E670C1 /* Base_iOS_MVVM_Anhdk.app */,
			);
			name = Products;
			sourceTree = "<group>";
		};
		2327D1F52466AD7200E670C1 /* Base_iOS_MVVM_Anhdk */ = {
			isa = PBXGroup;
			children = (
				2327D2122466AECE00E670C1 /* Entity */,
				2327D2112466AEBB00E670C1 /* Extention */,
				2327D2102466AEB000E670C1 /* DI */,
				2327D20F2466AEAB00E670C1 /* Resource */,
				2327D20E2466AEA600E670C1 /* Common */,
				2327D20D2466AE9600E670C1 /* Application */,
				2327D20C2466AE7D00E670C1 /* ViewModel */,
				2327D20B2466AE7900E670C1 /* Model */,
				2327D20A2466AE7500E670C1 /* View */,
				2327D2042466AD7300E670C1 /* Info.plist */,
			);
			path = Base_iOS_MVVM_Anhdk;
			sourceTree = "<group>";
		};
		2327D20A2466AE7500E670C1 /* View */ = {
			isa = PBXGroup;
			children = (
				2327D1FA2466AD7200E670C1 /* ViewController.swift */,
				2327D1FC2466AD7200E670C1 /* Main.storyboard */,
			);
			path = View;
			sourceTree = "<group>";
		};
		2327D20B2466AE7900E670C1 /* Model */ = {
			isa = PBXGroup;
			children = (
				2327D2152466AF7A00E670C1 /* VCModel.swift */,
			);
			path = Model;
			sourceTree = "<group>";
		};
		2327D20C2466AE7D00E670C1 /* ViewModel */ = {
			isa = PBXGroup;
			children = (
				2327D2132466AF6C00E670C1 /* VCViewModel.swift */,
			);
			path = ViewModel;
			sourceTree = "<group>";
		};
		2327D20D2466AE9600E670C1 /* Application */ = {
			isa = PBXGroup;
			children = (
				2327D1F62466AD7200E670C1 /* AppDelegate.swift */,
			);
			path = Application;
			sourceTree = "<group>";
		};
		2327D20E2466AEA600E670C1 /* Common */ = {
			isa = PBXGroup;
			children = (
			);
			path = Common;
			sourceTree = "<group>";
		};
		2327D20F2466AEAB00E670C1 /* Resource */ = {
			isa = PBXGroup;
			children = (
				2327D1FF2466AD7300E670C1 /* Assets.xcassets */,
				2327D2012466AD7300E670C1 /* LaunchScreen.storyboard */,
			);
			path = Resource;
			sourceTree = "<group>";
		};
		2327D2102466AEB000E670C1 /* DI */ = {
			isa = PBXGroup;
			children = (
			);
			path = DI;
			sourceTree = "<group>";
		};
		2327D2112466AEBB00E670C1 /* Extention */ = {
			isa = PBXGroup;
			children = (
			);
			path = Extention;
			sourceTree = "<group>";
		};
		2327D2122466AECE00E670C1 /* Entity */ = {
			isa = PBXGroup;
			children = (
			);
			path = Entity;
			sourceTree = "<group>";
		};
/* End PBXGroup section */

/* Begin PBXNativeTarget section */
		2327D1F22466AD7200E670C1 /* Base_iOS_MVVM_Anhdk */ = {
			isa = PBXNativeTarget;
			buildConfigurationList = 2327D2072466AD7300E670C1 /* Build configuration list for PBXNativeTarget "Base_iOS_MVVM_Anhdk" */;
			buildPhases = (
				2327D1EF2466AD7200E670C1 /* Sources */,
				2327D1F02466AD7200E670C1 /* Frameworks */,
				2327D1F12466AD7200E670C1 /* Resources */,
			);
			buildRules = (
			);
			dependencies = (
			);
			name = Base_iOS_MVVM_Anhdk;
			productName = Base_iOS_MVVM_Anhdk;
			productReference = 2327D1F32466AD7200E670C1 /* Base_iOS_MVVM_Anhdk.app */;
			productType = "com.apple.product-type.application";
		};
/* End PBXNativeTarget section */

/* Begin PBXProject section */
		2327D1EB2466AD7200E670C1 /* Project object */ = {
			isa = PBXProject;
			attributes = {
				LastSwiftUpdateCheck = 1140;
				LastUpgradeCheck = 1140;
				ORGANIZATIONNAME = Anhdk;
				TargetAttributes = {
					2327D1F22466AD7200E670C1 = {
						CreatedOnToolsVersion = 11.4.1;
					};
				};
			};
			buildConfigurationList = 2327D1EE2466AD7200E670C1 /* Build configuration list for PBXProject "Base_iOS_MVVM_Anhdk" */;
			compatibilityVersion = "Xcode 9.3";
			developmentRegion = en;
			hasScannedForEncodings = 0;
			knownRegions = (
				en,
				Base,
			);
			mainGroup = 2327D1EA2466AD7200E670C1;
			productRefGroup = 2327D1F42466AD7200E670C1 /* Products */;
			projectDirPath = "";
			projectRoot = "";
			targets = (
				2327D1F22466AD7200E670C1 /* Base_iOS_MVVM_Anhdk */,
			);
		};
/* End PBXProject section */

/* Begin PBXResourcesBuildPhase section */
		2327D1F12466AD7200E670C1 /* Resources */ = {
			isa = PBXResourcesBuildPhase;
			buildActionMask = 2147483647;
			files = (
				2327D2032466AD7300E670C1 /* LaunchScreen.storyboard in Resources */,
				2327D2002466AD7300E670C1 /* Assets.xcassets in Resources */,
				2327D1FE2466AD7200E670C1 /* Main.storyboard in Resources */,
			);
			runOnlyForDeploymentPostprocessing = 0;
		};
/* End PBXResourcesBuildPhase section */

/* Begin PBXSourcesBuildPhase section */
		2327D1EF2466AD7200E670C1 /* Sources */ = {
			isa = PBXSourcesBuildPhase;
			buildActionMask = 2147483647;
			files = (
				2327D1FB2466AD7200E670C1 /* ViewController.swift in Sources */,
				2327D1F72466AD7200E670C1 /* AppDelegate.swift in Sources */,
				2327D2162466AF7A00E670C1 /* VCModel.swift in Sources */,
				2327D2142466AF6C00E670C1 /* VCViewModel.swift in Sources */,
			);
			runOnlyForDeploymentPostprocessing = 0;
		};
/* End PBXSourcesBuildPhase section */

/* Begin PBXVariantGroup section */
		2327D1FC2466AD7200E670C1 /* Main.storyboard */ = {
			isa = PBXVariantGroup;
			children = (
				2327D1FD2466AD7200E670C1 /* Base */,
			);
			name = Main.storyboard;
			sourceTree = "<group>";
		};
		2327D2012466AD7300E670C1 /* LaunchScreen.storyboard */ = {
			isa = PBXVariantGroup;
			children = (
				2327D2022466AD7300E670C1 /* Base */,
			);
			name = LaunchScreen.storyboard;
			sourceTree = "<group>";
		};
/* End PBXVariantGroup section */

/* Begin XCBuildConfiguration section */
		2327D2052466AD7300E670C1 /* Debug */ = {
			isa = XCBuildConfiguration;
			buildSettings = {
				ALWAYS_SEARCH_USER_PATHS = NO;
				CLANG_ANALYZER_NONNULL = YES;
				CLANG_ANALYZER_NUMBER_OBJECT_CONVERSION = YES_AGGRESSIVE;
				CLANG_CXX_LANGUAGE_STANDARD = "gnu++14";
				CLANG_CXX_LIBRARY = "libc++";
				CLANG_ENABLE_MODULES = YES;
				CLANG_ENABLE_OBJC_ARC = YES;
				CLANG_ENABLE_OBJC_WEAK = YES;
				CLANG_WARN_BLOCK_CAPTURE_AUTORELEASING = YES;
				CLANG_WARN_BOOL_CONVERSION = YES;
				CLANG_WARN_COMMA = YES;
				CLANG_WARN_CONSTANT_CONVERSION = YES;
				CLANG_WARN_DEPRECATED_OBJC_IMPLEMENTATIONS = YES;
				CLANG_WARN_DIRECT_OBJC_ISA_USAGE = YES_ERROR;
				CLANG_WARN_DOCUMENTATION_COMMENTS = YES;
				CLANG_WARN_EMPTY_BODY = YES;
				CLANG_WARN_ENUM_CONVERSION = YES;
				CLANG_WARN_INFINITE_RECURSION = YES;
				CLANG_WARN_INT_CONVERSION = YES;
				CLANG_WARN_NON_LITERAL_NULL_CONVERSION = YES;
				CLANG_WARN_OBJC_IMPLICIT_RETAIN_SELF = YES;
				CLANG_WARN_OBJC_LITERAL_CONVERSION = YES;
				CLANG_WARN_OBJC_ROOT_CLASS = YES_ERROR;
				CLANG_WARN_RANGE_LOOP_ANALYSIS = YES;
				CLANG_WARN_STRICT_PROTOTYPES = YES;
				CLANG_WARN_SUSPICIOUS_MOVE = YES;
				CLANG_WARN_UNGUARDED_AVAILABILITY = YES_AGGRESSIVE;
				CLANG_WARN_UNREACHABLE_CODE = YES;
				CLANG_WARN__DUPLICATE_METHOD_MATCH = YES;
				COPY_PHASE_STRIP = NO;
				DEBUG_INFORMATION_FORMAT = dwarf;
				ENABLE_STRICT_OBJC_MSGSEND = YES;
				ENABLE_TESTABILITY = YES;
				GCC_C_LANGUAGE_STANDARD = gnu11;
				GCC_DYNAMIC_NO_PIC = NO;
				GCC_NO_COMMON_BLOCKS = YES;
				GCC_OPTIMIZATION_LEVEL = 0;
				GCC_PREPROCESSOR_DEFINITIONS = (
					"DEBUG=1",
					"$(inherited)",
				);
				GCC_WARN_64_TO_32_BIT_CONVERSION = YES;
				GCC_WARN_ABOUT_RETURN_TYPE = YES_ERROR;
				GCC_WARN_UNDECLARED_SELECTOR = YES;
				GCC_WARN_UNINITIALIZED_AUTOS = YES_AGGRESSIVE;
				GCC_WARN_UNUSED_FUNCTION = YES;
				GCC_WARN_UNUSED_VARIABLE = YES;
				IPHONEOS_DEPLOYMENT_TARGET = 13.4;
				MTL_ENABLE_DEBUG_INFO = INCLUDE_SOURCE;
				MTL_FAST_MATH = YES;
				ONLY_ACTIVE_ARCH = YES;
				SDKROOT = iphoneos;
				SWIFT_ACTIVE_COMPILATION_CONDITIONS = DEBUG;
				SWIFT_OPTIMIZATION_LEVEL = "-Onone";
			};
			name = Debug;
		};
		2327D2062466AD7300E670C1 /* Release */ = {
			isa = XCBuildConfiguration;
			buildSettings = {
				ALWAYS_SEARCH_USER_PATHS = NO;
				CLANG_ANALYZER_NONNULL = YES;
				CLANG_ANALYZER_NUMBER_OBJECT_CONVERSION = YES_AGGRESSIVE;
				CLANG_CXX_LANGUAGE_STANDARD = "gnu++14";
				CLANG_CXX_LIBRARY = "libc++";
				CLANG_ENABLE_MODULES = YES;
				CLANG_ENABLE_OBJC_ARC = YES;
				CLANG_ENABLE_OBJC_WEAK = YES;
				CLANG_WARN_BLOCK_CAPTURE_AUTORELEASING = YES;
				CLANG_WARN_BOOL_CONVERSION = YES;
				CLANG_WARN_COMMA = YES;
				CLANG_WARN_CONSTANT_CONVERSION = YES;
				CLANG_WARN_DEPRECATED_OBJC_IMPLEMENTATIONS = YES;
				CLANG_WARN_DIRECT_OBJC_ISA_USAGE = YES_ERROR;
				CLANG_WARN_DOCUMENTATION_COMMENTS = YES;
				CLANG_WARN_EMPTY_BODY = YES;
				CLANG_WARN_ENUM_CONVERSION = YES;
				CLANG_WARN_INFINITE_RECURSION = YES;
				CLANG_WARN_INT_CONVERSION = YES;
				CLANG_WARN_NON_LITERAL_NULL_CONVERSION = YES;
				CLANG_WARN_OBJC_IMPLICIT_RETAIN_SELF = YES;
				CLANG_WARN_OBJC_LITERAL_CONVERSION = YES;
				CLANG_WARN_OBJC_ROOT_CLASS = YES_ERROR;
				CLANG_WARN_RANGE_LOOP_ANALYSIS = YES;
				CLANG_WARN_STRICT_PROTOTYPES = YES;
				CLANG_WARN_SUSPICIOUS_MOVE = YES;
				CLANG_WARN_UNGUARDED_AVAILABILITY = YES_AGGRESSIVE;
				CLANG_WARN_UNREACHABLE_CODE = YES;
				CLANG_WARN__DUPLICATE_METHOD_MATCH = YES;
				COPY_PHASE_STRIP = NO;
				DEBUG_INFORMATION_FORMAT = "dwarf-with-dsym";
				ENABLE_NS_ASSERTIONS = NO;
				ENABLE_STRICT_OBJC_MSGSEND = YES;
				GCC_C_LANGUAGE_STANDARD = gnu11;
				GCC_NO_COMMON_BLOCKS = YES;
				GCC_WARN_64_TO_32_BIT_CONVERSION = YES;
				GCC_WARN_ABOUT_RETURN_TYPE = YES_ERROR;
				GCC_WARN_UNDECLARED_SELECTOR = YES;
				GCC_WARN_UNINITIALIZED_AUTOS = YES_AGGRESSIVE;
				GCC_WARN_UNUSED_FUNCTION = YES;
				GCC_WARN_UNUSED_VARIABLE = YES;
				IPHONEOS_DEPLOYMENT_TARGET = 13.4;
				MTL_ENABLE_DEBUG_INFO = NO;
				MTL_FAST_MATH = YES;
				SDKROOT = iphoneos;
				SWIFT_COMPILATION_MODE = wholemodule;
				SWIFT_OPTIMIZATION_LEVEL = "-O";
				VALIDATE_PRODUCT = YES;
			};
			name = Release;
		};
		2327D2082466AD7300E670C1 /* Debug */ = {
			isa = XCBuildConfiguration;
			buildSettings = {
				ASSETCATALOG_COMPILER_APPICON_NAME = AppIcon;
				CODE_SIGN_STYLE = Automatic;
				DEVELOPMENT_TEAM = 3XW35T4KJS;
				INFOPLIST_FILE = Base_iOS_MVVM_Anhdk/Info.plist;
				IPHONEOS_DEPLOYMENT_TARGET = 11.0;
				LD_RUNPATH_SEARCH_PATHS = (
					"$(inherited)",
					"@executable_path/Frameworks",
				);
				PRODUCT_BUNDLE_IDENTIFIER = "net.anhdk.Base-iOS-MVVM-Anhdk";
				PRODUCT_NAME = "$(TARGET_NAME)";
				SWIFT_VERSION = 5.0;
				TARGETED_DEVICE_FAMILY = "1,2";
			};
			name = Debug;
		};
		2327D2092466AD7300E670C1 /* Release */ = {
			isa = XCBuildConfiguration;
			buildSettings = {
				ASSETCATALOG_COMPILER_APPICON_NAME = AppIcon;
				CODE_SIGN_STYLE = Automatic;
				DEVELOPMENT_TEAM = 3XW35T4KJS;
				INFOPLIST_FILE = Base_iOS_MVVM_Anhdk/Info.plist;
				IPHONEOS_DEPLOYMENT_TARGET = 11.0;
				LD_RUNPATH_SEARCH_PATHS = (
					"$(inherited)",
					"@executable_path/Frameworks",
				);
				PRODUCT_BUNDLE_IDENTIFIER = "net.anhdk.Base-iOS-MVVM-Anhdk";
				PRODUCT_NAME = "$(TARGET_NAME)";
				SWIFT_VERSION = 5.0;
				TARGETED_DEVICE_FAMILY = "1,2";
			};
			name = Release;
		};
/* End XCBuildConfiguration section */

/* Begin XCConfigurationList section */
		2327D1EE2466AD7200E670C1 /* Build configuration list for PBXProject "Base_iOS_MVVM_Anhdk" */ = {
			isa = XCConfigurationList;
			buildConfigurations = (
				2327D2052466AD7300E670C1 /* Debug */,
				2327D2062466AD7300E670C1 /* Release */,
			);
			defaultConfigurationIsVisible = 0;
			defaultConfigurationName = Release;
		};
		2327D2072466AD7300E670C1 /* Build configuration list for PBXNativeTarget "Base_iOS_MVVM_Anhdk" */ = {
			isa = XCConfigurationList;
			buildConfigurations = (
				2327D2082466AD7300E670C1 /* Debug */,
				2327D2092466AD7300E670C1 /* Release */,
			);
			defaultConfigurationIsVisible = 0;
			defaultConfigurationName = Release;
		};
/* End XCConfigurationList section */
	};
	rootObject = 2327D1EB2466AD7200E670C1 /* Project object */;
}
